// !$*UTF8*$!
{
	archiveVersion = 1;
	classes = {
	};
	objectVersion = 50;
	objects = {

/* Begin PBXBuildFile section */
		12B0128B09EFE48D5B3800D4 /* libPods-FileDownloader-FileDownloaderUITests.a in Frameworks */ = {isa = PBXBuildFile; fileRef = 3EF48B7FE6483395145E2062 /* libPods-FileDownloader-FileDownloaderUITests.a */; };
		4A7A64BA253D93A20065AB42 /* MusicListViewModel.m in Sources */ = {isa = PBXBuildFile; fileRef = 4A7A64B9253D93A20065AB42 /* MusicListViewModel.m */; };
		4A7CCCA7254A24F000568B8D /* DownloadStatistics.m in Sources */ = {isa = PBXBuildFile; fileRef = 4A7CCCA6254A24F000568B8D /* DownloadStatistics.m */; };
		4A94E575253A4278009F7E22 /* CompletionDownloadModel.m in Sources */ = {isa = PBXBuildFile; fileRef = 4A94E574253A4278009F7E22 /* CompletionDownloadModel.m */; };
		4A94E579253AF5B7009F7E22 /* MusicListViewController.m in Sources */ = {isa = PBXBuildFile; fileRef = 4A94E578253AF5B7009F7E22 /* MusicListViewController.m */; };
		4A94E57D253AF65C009F7E22 /* MusicTableViewCell.m in Sources */ = {isa = PBXBuildFile; fileRef = 4A94E57C253AF65C009F7E22 /* MusicTableViewCell.m */; };
		4A94E581253B8AB6009F7E22 /* DownloadBussiness.m in Sources */ = {isa = PBXBuildFile; fileRef = 4A94E580253B8AB6009F7E22 /* DownloadBussiness.m */; };
		4A94E584253C4D8A009F7E22 /* NSError+DownloadManager.m in Sources */ = {isa = PBXBuildFile; fileRef = 4A94E583253C4D8A009F7E22 /* NSError+DownloadManager.m */; };
		4A94E588253C60AF009F7E22 /* Reachability.m in Sources */ = {isa = PBXBuildFile; fileRef = 4A94E587253C60AF009F7E22 /* Reachability.m */; };
		4AA60F912538E8B200467A0B /* AppDelegate.m in Sources */ = {isa = PBXBuildFile; fileRef = 4AA60F902538E8B200467A0B /* AppDelegate.m */; };
		4AA60F942538E8B200467A0B /* SceneDelegate.m in Sources */ = {isa = PBXBuildFile; fileRef = 4AA60F932538E8B200467A0B /* SceneDelegate.m */; };
		4AA60F9C2538E8B400467A0B /* Assets.xcassets in Resources */ = {isa = PBXBuildFile; fileRef = 4AA60F9B2538E8B400467A0B /* Assets.xcassets */; };
		4AA60F9F2538E8B400467A0B /* LaunchScreen.storyboard in Resources */ = {isa = PBXBuildFile; fileRef = 4AA60F9D2538E8B400467A0B /* LaunchScreen.storyboard */; };
		4AA60FA22538E8B400467A0B /* main.m in Sources */ = {isa = PBXBuildFile; fileRef = 4AA60FA12538E8B400467A0B /* main.m */; };
		4AA60FAC2538E8B400467A0B /* FileDownloaderTests.m in Sources */ = {isa = PBXBuildFile; fileRef = 4AA60FAB2538E8B400467A0B /* FileDownloaderTests.m */; };
		4AA60FB72538E8B400467A0B /* FileDownloaderUITests.m in Sources */ = {isa = PBXBuildFile; fileRef = 4AA60FB62538E8B400467A0B /* FileDownloaderUITests.m */; };
		4AA60FCE2538EBC000467A0B /* DownloadTask.m in Sources */ = {isa = PBXBuildFile; fileRef = 4AA60FCD2538EBC000467A0B /* DownloadTask.m */; };
		4AA60FD52538FFBD00467A0B /* MusicItem.m in Sources */ = {isa = PBXBuildFile; fileRef = 4AA60FD42538FFBD00467A0B /* MusicItem.m */; };
		4AA60FDF253901C100467A0B /* Utils.m in Sources */ = {isa = PBXBuildFile; fileRef = 4AA60FDE253901C100467A0B /* Utils.m */; };
		4AA60FEF253906DE00467A0B /* NSSessionDownloader.m in Sources */ = {isa = PBXBuildFile; fileRef = 4AA60FEB253906DE00467A0B /* NSSessionDownloader.m */; };
		4AA60FF0253906DE00467A0B /* DownloadProvider.m in Sources */ = {isa = PBXBuildFile; fileRef = 4AA60FEE253906DE00467A0B /* DownloadProvider.m */; };
		C970DBCB736A3E5DEAABEFDB /* libPods-FileDownloaderTests.a in Frameworks */ = {isa = PBXBuildFile; fileRef = 9F4A7B2EB35B2A9F1EAA3987 /* libPods-FileDownloaderTests.a */; };
		D4B42EB0DE27CCFB4E5BEB56 /* libPods-FileDownloader.a in Frameworks */ = {isa = PBXBuildFile; fileRef = E7B722F54FEE96A4310776A3 /* libPods-FileDownloader.a */; };
/* End PBXBuildFile section */

/* Begin PBXContainerItemProxy section */
		4AA60FA82538E8B400467A0B /* PBXContainerItemProxy */ = {
			isa = PBXContainerItemProxy;
			containerPortal = 4AA60F842538E8B200467A0B /* Project object */;
			proxyType = 1;
			remoteGlobalIDString = 4AA60F8B2538E8B200467A0B;
			remoteInfo = FileDownloader;
		};
		4AA60FB32538E8B400467A0B /* PBXContainerItemProxy */ = {
			isa = PBXContainerItemProxy;
			containerPortal = 4AA60F842538E8B200467A0B /* Project object */;
			proxyType = 1;
			remoteGlobalIDString = 4AA60F8B2538E8B200467A0B;
			remoteInfo = FileDownloader;
		};
/* End PBXContainerItemProxy section */

/* Begin PBXFileReference section */
		0B4820ED3540F3824DF1CF33 /* Pods-FileDownloader.debug.xcconfig */ = {isa = PBXFileReference; includeInIndex = 1; lastKnownFileType = text.xcconfig; name = "Pods-FileDownloader.debug.xcconfig"; path = "Target Support Files/Pods-FileDownloader/Pods-FileDownloader.debug.xcconfig"; sourceTree = "<group>"; };
		3EF48B7FE6483395145E2062 /* libPods-FileDownloader-FileDownloaderUITests.a */ = {isa = PBXFileReference; explicitFileType = archive.ar; includeInIndex = 0; path = "libPods-FileDownloader-FileDownloaderUITests.a"; sourceTree = BUILT_PRODUCTS_DIR; };
		49D63245C20D3FD776038445 /* Pods-FileDownloaderTests.release.xcconfig */ = {isa = PBXFileReference; includeInIndex = 1; lastKnownFileType = text.xcconfig; name = "Pods-FileDownloaderTests.release.xcconfig"; path = "Target Support Files/Pods-FileDownloaderTests/Pods-FileDownloaderTests.release.xcconfig"; sourceTree = "<group>"; };
		4A7A64B8253D93A20065AB42 /* MusicListViewModel.h */ = {isa = PBXFileReference; lastKnownFileType = sourcecode.c.h; path = MusicListViewModel.h; sourceTree = "<group>"; };
		4A7A64B9253D93A20065AB42 /* MusicListViewModel.m */ = {isa = PBXFileReference; lastKnownFileType = sourcecode.c.objc; path = MusicListViewModel.m; sourceTree = "<group>"; };
		4A7CCCA5254A24F000568B8D /* DownloadStatistics.h */ = {isa = PBXFileReference; lastKnownFileType = sourcecode.c.h; path = DownloadStatistics.h; sourceTree = "<group>"; };
		4A7CCCA6254A24F000568B8D /* DownloadStatistics.m */ = {isa = PBXFileReference; lastKnownFileType = sourcecode.c.objc; path = DownloadStatistics.m; sourceTree = "<group>"; };
		4A94E573253A4278009F7E22 /* CompletionDownloadModel.h */ = {isa = PBXFileReference; lastKnownFileType = sourcecode.c.h; path = CompletionDownloadModel.h; sourceTree = "<group>"; };
		4A94E574253A4278009F7E22 /* CompletionDownloadModel.m */ = {isa = PBXFileReference; lastKnownFileType = sourcecode.c.objc; path = CompletionDownloadModel.m; sourceTree = "<group>"; };
		4A94E577253AF5B7009F7E22 /* MusicListViewController.h */ = {isa = PBXFileReference; lastKnownFileType = sourcecode.c.h; path = MusicListViewController.h; sourceTree = "<group>"; };
		4A94E578253AF5B7009F7E22 /* MusicListViewController.m */ = {isa = PBXFileReference; lastKnownFileType = sourcecode.c.objc; path = MusicListViewController.m; sourceTree = "<group>"; };
		4A94E57B253AF65C009F7E22 /* MusicTableViewCell.h */ = {isa = PBXFileReference; lastKnownFileType = sourcecode.c.h; path = MusicTableViewCell.h; sourceTree = "<group>"; };
		4A94E57C253AF65C009F7E22 /* MusicTableViewCell.m */ = {isa = PBXFileReference; lastKnownFileType = sourcecode.c.objc; path = MusicTableViewCell.m; sourceTree = "<group>"; };
		4A94E57F253B8AB6009F7E22 /* DownloadBussiness.h */ = {isa = PBXFileReference; lastKnownFileType = sourcecode.c.h; path = DownloadBussiness.h; sourceTree = "<group>"; };
		4A94E580253B8AB6009F7E22 /* DownloadBussiness.m */ = {isa = PBXFileReference; lastKnownFileType = sourcecode.c.objc; path = DownloadBussiness.m; sourceTree = "<group>"; };
		4A94E582253C4D8A009F7E22 /* NSError+DownloadManager.h */ = {isa = PBXFileReference; fileEncoding = 4; lastKnownFileType = sourcecode.c.h; path = "NSError+DownloadManager.h"; sourceTree = "<group>"; };
		4A94E583253C4D8A009F7E22 /* NSError+DownloadManager.m */ = {isa = PBXFileReference; fileEncoding = 4; lastKnownFileType = sourcecode.c.objc; path = "NSError+DownloadManager.m"; sourceTree = "<group>"; };
		4A94E586253C60AF009F7E22 /* Reachability.h */ = {isa = PBXFileReference; fileEncoding = 4; lastKnownFileType = sourcecode.c.h; path = Reachability.h; sourceTree = "<group>"; };
		4A94E587253C60AF009F7E22 /* Reachability.m */ = {isa = PBXFileReference; fileEncoding = 4; lastKnownFileType = sourcecode.c.objc; path = Reachability.m; sourceTree = "<group>"; };
		4AA60F8C2538E8B200467A0B /* FileDownloader.app */ = {isa = PBXFileReference; explicitFileType = wrapper.application; includeInIndex = 0; path = FileDownloader.app; sourceTree = BUILT_PRODUCTS_DIR; };
		4AA60F8F2538E8B200467A0B /* AppDelegate.h */ = {isa = PBXFileReference; lastKnownFileType = sourcecode.c.h; path = AppDelegate.h; sourceTree = "<group>"; };
		4AA60F902538E8B200467A0B /* AppDelegate.m */ = {isa = PBXFileReference; lastKnownFileType = sourcecode.c.objc; path = AppDelegate.m; sourceTree = "<group>"; };
		4AA60F922538E8B200467A0B /* SceneDelegate.h */ = {isa = PBXFileReference; lastKnownFileType = sourcecode.c.h; path = SceneDelegate.h; sourceTree = "<group>"; };
		4AA60F932538E8B200467A0B /* SceneDelegate.m */ = {isa = PBXFileReference; lastKnownFileType = sourcecode.c.objc; path = SceneDelegate.m; sourceTree = "<group>"; };
		4AA60F9B2538E8B400467A0B /* Assets.xcassets */ = {isa = PBXFileReference; lastKnownFileType = folder.assetcatalog; path = Assets.xcassets; sourceTree = "<group>"; };
		4AA60F9E2538E8B400467A0B /* Base */ = {isa = PBXFileReference; lastKnownFileType = file.storyboard; name = Base; path = Base.lproj/LaunchScreen.storyboard; sourceTree = "<group>"; };
		4AA60FA02538E8B400467A0B /* Info.plist */ = {isa = PBXFileReference; lastKnownFileType = text.plist.xml; path = Info.plist; sourceTree = "<group>"; };
		4AA60FA12538E8B400467A0B /* main.m */ = {isa = PBXFileReference; lastKnownFileType = sourcecode.c.objc; path = main.m; sourceTree = "<group>"; };
		4AA60FA72538E8B400467A0B /* FileDownloaderTests.xctest */ = {isa = PBXFileReference; explicitFileType = wrapper.cfbundle; includeInIndex = 0; path = FileDownloaderTests.xctest; sourceTree = BUILT_PRODUCTS_DIR; };
		4AA60FAB2538E8B400467A0B /* FileDownloaderTests.m */ = {isa = PBXFileReference; lastKnownFileType = sourcecode.c.objc; path = FileDownloaderTests.m; sourceTree = "<group>"; };
		4AA60FAD2538E8B400467A0B /* Info.plist */ = {isa = PBXFileReference; lastKnownFileType = text.plist.xml; path = Info.plist; sourceTree = "<group>"; };
		4AA60FB22538E8B400467A0B /* FileDownloaderUITests.xctest */ = {isa = PBXFileReference; explicitFileType = wrapper.cfbundle; includeInIndex = 0; path = FileDownloaderUITests.xctest; sourceTree = BUILT_PRODUCTS_DIR; };
		4AA60FB62538E8B400467A0B /* FileDownloaderUITests.m */ = {isa = PBXFileReference; lastKnownFileType = sourcecode.c.objc; path = FileDownloaderUITests.m; sourceTree = "<group>"; };
		4AA60FB82538E8B400467A0B /* Info.plist */ = {isa = PBXFileReference; lastKnownFileType = text.plist.xml; path = Info.plist; sourceTree = "<group>"; };
		4AA60FCC2538EBC000467A0B /* DownloadTask.h */ = {isa = PBXFileReference; lastKnownFileType = sourcecode.c.h; path = DownloadTask.h; sourceTree = "<group>"; };
		4AA60FCD2538EBC000467A0B /* DownloadTask.m */ = {isa = PBXFileReference; lastKnownFileType = sourcecode.c.objc; path = DownloadTask.m; sourceTree = "<group>"; };
		4AA60FCF2538EC7700467A0B /* DownloadableItem.h */ = {isa = PBXFileReference; lastKnownFileType = sourcecode.c.h; path = DownloadableItem.h; sourceTree = "<group>"; };
		4AA60FD32538FFBD00467A0B /* MusicItem.h */ = {isa = PBXFileReference; lastKnownFileType = sourcecode.c.h; path = MusicItem.h; sourceTree = "<group>"; };
		4AA60FD42538FFBD00467A0B /* MusicItem.m */ = {isa = PBXFileReference; lastKnownFileType = sourcecode.c.objc; path = MusicItem.m; sourceTree = "<group>"; };
		4AA60FDD253901C100467A0B /* Utils.h */ = {isa = PBXFileReference; lastKnownFileType = sourcecode.c.h; path = Utils.h; sourceTree = "<group>"; };
		4AA60FDE253901C100467A0B /* Utils.m */ = {isa = PBXFileReference; lastKnownFileType = sourcecode.c.objc; path = Utils.m; sourceTree = "<group>"; };
		4AA60FE9253906DE00467A0B /* DownloadProvider.h */ = {isa = PBXFileReference; fileEncoding = 4; lastKnownFileType = sourcecode.c.h; path = DownloadProvider.h; sourceTree = "<group>"; };
		4AA60FEB253906DE00467A0B /* NSSessionDownloader.m */ = {isa = PBXFileReference; fileEncoding = 4; lastKnownFileType = sourcecode.c.objc; path = NSSessionDownloader.m; sourceTree = "<group>"; };
		4AA60FEC253906DE00467A0B /* NSSessionDownloader.h */ = {isa = PBXFileReference; fileEncoding = 4; lastKnownFileType = sourcecode.c.h; path = NSSessionDownloader.h; sourceTree = "<group>"; };
		4AA60FED253906DE00467A0B /* DownloaderProtocol.h */ = {isa = PBXFileReference; fileEncoding = 4; lastKnownFileType = sourcecode.c.h; path = DownloaderProtocol.h; sourceTree = "<group>"; };
		4AA60FEE253906DE00467A0B /* DownloadProvider.m */ = {isa = PBXFileReference; fileEncoding = 4; lastKnownFileType = sourcecode.c.objc; path = DownloadProvider.m; sourceTree = "<group>"; };
		7C470E7B06ECF0F79B65FEB9 /* Pods-FileDownloader-FileDownloaderUITests.debug.xcconfig */ = {isa = PBXFileReference; includeInIndex = 1; lastKnownFileType = text.xcconfig; name = "Pods-FileDownloader-FileDownloaderUITests.debug.xcconfig"; path = "Target Support Files/Pods-FileDownloader-FileDownloaderUITests/Pods-FileDownloader-FileDownloaderUITests.debug.xcconfig"; sourceTree = "<group>"; };
		9F4A7B2EB35B2A9F1EAA3987 /* libPods-FileDownloaderTests.a */ = {isa = PBXFileReference; explicitFileType = archive.ar; includeInIndex = 0; path = "libPods-FileDownloaderTests.a"; sourceTree = BUILT_PRODUCTS_DIR; };
		BF42563FA406E8B4810F6CBF /* Pods-FileDownloader-FileDownloaderUITests.release.xcconfig */ = {isa = PBXFileReference; includeInIndex = 1; lastKnownFileType = text.xcconfig; name = "Pods-FileDownloader-FileDownloaderUITests.release.xcconfig"; path = "Target Support Files/Pods-FileDownloader-FileDownloaderUITests/Pods-FileDownloader-FileDownloaderUITests.release.xcconfig"; sourceTree = "<group>"; };
		D2A40ED53FF48A80E51757D8 /* Pods-FileDownloader.release.xcconfig */ = {isa = PBXFileReference; includeInIndex = 1; lastKnownFileType = text.xcconfig; name = "Pods-FileDownloader.release.xcconfig"; path = "Target Support Files/Pods-FileDownloader/Pods-FileDownloader.release.xcconfig"; sourceTree = "<group>"; };
		D8C38AA1C1BD0F7FBCEE5B55 /* Pods-FileDownloaderTests.debug.xcconfig */ = {isa = PBXFileReference; includeInIndex = 1; lastKnownFileType = text.xcconfig; name = "Pods-FileDownloaderTests.debug.xcconfig"; path = "Target Support Files/Pods-FileDownloaderTests/Pods-FileDownloaderTests.debug.xcconfig"; sourceTree = "<group>"; };
		E7B722F54FEE96A4310776A3 /* libPods-FileDownloader.a */ = {isa = PBXFileReference; explicitFileType = archive.ar; includeInIndex = 0; path = "libPods-FileDownloader.a"; sourceTree = BUILT_PRODUCTS_DIR; };
/* End PBXFileReference section */

/* Begin PBXFrameworksBuildPhase section */
		4AA60F892538E8B200467A0B /* Frameworks */ = {
			isa = PBXFrameworksBuildPhase;
			buildActionMask = 2147483647;
			files = (
				D4B42EB0DE27CCFB4E5BEB56 /* libPods-FileDownloader.a in Frameworks */,
			);
			runOnlyForDeploymentPostprocessing = 0;
		};
		4AA60FA42538E8B400467A0B /* Frameworks */ = {
			isa = PBXFrameworksBuildPhase;
			buildActionMask = 2147483647;
			files = (
				C970DBCB736A3E5DEAABEFDB /* libPods-FileDownloaderTests.a in Frameworks */,
			);
			runOnlyForDeploymentPostprocessing = 0;
		};
		4AA60FAF2538E8B400467A0B /* Frameworks */ = {
			isa = PBXFrameworksBuildPhase;
			buildActionMask = 2147483647;
			files = (
				12B0128B09EFE48D5B3800D4 /* libPods-FileDownloader-FileDownloaderUITests.a in Frameworks */,
			);
			runOnlyForDeploymentPostprocessing = 0;
		};
/* End PBXFrameworksBuildPhase section */

/* Begin PBXGroup section */
		4A7CCCA4254A24BD00568B8D /* DownloadStatistics */ = {
			isa = PBXGroup;
			children = (
				4A7CCCA5254A24F000568B8D /* DownloadStatistics.h */,
				4A7CCCA6254A24F000568B8D /* DownloadStatistics.m */,
			);
			path = DownloadStatistics;
			sourceTree = "<group>";
		};
		4A94E576253AF59B009F7E22 /* MusicListViewController */ = {
			isa = PBXGroup;
			children = (
				4A94E577253AF5B7009F7E22 /* MusicListViewController.h */,
				4A94E578253AF5B7009F7E22 /* MusicListViewController.m */,
			);
			path = MusicListViewController;
			sourceTree = "<group>";
		};
		4A94E57A253AF643009F7E22 /* MusicCell */ = {
			isa = PBXGroup;
			children = (
				4A94E57B253AF65C009F7E22 /* MusicTableViewCell.h */,
				4A94E57C253AF65C009F7E22 /* MusicTableViewCell.m */,
			);
			path = MusicCell;
			sourceTree = "<group>";
		};
		4A94E57E253B8A9D009F7E22 /* DownloadBussiness */ = {
			isa = PBXGroup;
			children = (
				4A94E57F253B8AB6009F7E22 /* DownloadBussiness.h */,
				4A94E580253B8AB6009F7E22 /* DownloadBussiness.m */,
			);
			path = DownloadBussiness;
			sourceTree = "<group>";
		};
		4A94E585253C60A2009F7E22 /* Reachability */ = {
			isa = PBXGroup;
			children = (
				4A94E586253C60AF009F7E22 /* Reachability.h */,
				4A94E587253C60AF009F7E22 /* Reachability.m */,
			);
			path = Reachability;
			sourceTree = "<group>";
		};
		4AA60F832538E8B200467A0B = {
			isa = PBXGroup;
			children = (
				4AA60F8E2538E8B200467A0B /* FileDownloader */,
				4AA60FAA2538E8B400467A0B /* FileDownloaderTests */,
				4AA60FB52538E8B400467A0B /* FileDownloaderUITests */,
				4AA60F8D2538E8B200467A0B /* Products */,
				9876399460B9280FEEBEBF39 /* Pods */,
				EBD02DC8279EBFD076115737 /* Frameworks */,
			);
			sourceTree = "<group>";
		};
		4AA60F8D2538E8B200467A0B /* Products */ = {
			isa = PBXGroup;
			children = (
				4AA60F8C2538E8B200467A0B /* FileDownloader.app */,
				4AA60FA72538E8B400467A0B /* FileDownloaderTests.xctest */,
				4AA60FB22538E8B400467A0B /* FileDownloaderUITests.xctest */,
			);
			name = Products;
			sourceTree = "<group>";
		};
		4AA60F8E2538E8B200467A0B /* FileDownloader */ = {
			isa = PBXGroup;
			children = (
				4AA60F8F2538E8B200467A0B /* AppDelegate.h */,
				4AA60F902538E8B200467A0B /* AppDelegate.m */,
				4AA60F922538E8B200467A0B /* SceneDelegate.h */,
				4AA60F932538E8B200467A0B /* SceneDelegate.m */,
				4AA60FCB2538EBA300467A0B /* Models */,
				4AA60FE12539046A00467A0B /* ViewModels */,
				4AA60FE22539046F00467A0B /* ViewControllers */,
				4AA60FE02539046500467A0B /* Views */,
				4AA60FE8253906DE00467A0B /* DownloadManager */,
				4A94E57E253B8A9D009F7E22 /* DownloadBussiness */,
				4AA60FD9253901A100467A0B /* Utils */,
				4AA60F9B2538E8B400467A0B /* Assets.xcassets */,
				4AA60FA02538E8B400467A0B /* Info.plist */,
				4AA60FA12538E8B400467A0B /* main.m */,
			);
			path = FileDownloader;
			sourceTree = "<group>";
		};
		4AA60FAA2538E8B400467A0B /* FileDownloaderTests */ = {
			isa = PBXGroup;
			children = (
				4AA60FAB2538E8B400467A0B /* FileDownloaderTests.m */,
				4AA60FAD2538E8B400467A0B /* Info.plist */,
			);
			path = FileDownloaderTests;
			sourceTree = "<group>";
		};
		4AA60FB52538E8B400467A0B /* FileDownloaderUITests */ = {
			isa = PBXGroup;
			children = (
				4AA60FB62538E8B400467A0B /* FileDownloaderUITests.m */,
				4AA60FB82538E8B400467A0B /* Info.plist */,
			);
			path = FileDownloaderUITests;
			sourceTree = "<group>";
		};
		4AA60FCB2538EBA300467A0B /* Models */ = {
			isa = PBXGroup;
			children = (
				4AA60FCF2538EC7700467A0B /* DownloadableItem.h */,
				4AA60FE4253904D000467A0B /* DownloadModels */,
				4AA60FD22538FFAB00467A0B /* Musics */,
			);
			path = Models;
			sourceTree = "<group>";
		};
		4AA60FD22538FFAB00467A0B /* Musics */ = {
			isa = PBXGroup;
			children = (
				4AA60FD32538FFBD00467A0B /* MusicItem.h */,
				4AA60FD42538FFBD00467A0B /* MusicItem.m */,
			);
			path = Musics;
			sourceTree = "<group>";
		};
		4AA60FD9253901A100467A0B /* Utils */ = {
			isa = PBXGroup;
			children = (
				4AA60FDD253901C100467A0B /* Utils.h */,
				4AA60FDE253901C100467A0B /* Utils.m */,
			);
			path = Utils;
			sourceTree = "<group>";
		};
		4AA60FE02539046500467A0B /* Views */ = {
			isa = PBXGroup;
			children = (
				4A94E57A253AF643009F7E22 /* MusicCell */,
				4AA60F9D2538E8B400467A0B /* LaunchScreen.storyboard */,
			);
			path = Views;
			sourceTree = "<group>";
		};
		4AA60FE12539046A00467A0B /* ViewModels */ = {
			isa = PBXGroup;
			children = (
				4A7A64B8253D93A20065AB42 /* MusicListViewModel.h */,
				4A7A64B9253D93A20065AB42 /* MusicListViewModel.m */,
			);
			path = ViewModels;
			sourceTree = "<group>";
		};
		4AA60FE22539046F00467A0B /* ViewControllers */ = {
			isa = PBXGroup;
			children = (
				4A94E576253AF59B009F7E22 /* MusicListViewController */,
			);
			path = ViewControllers;
			sourceTree = "<group>";
		};
		4AA60FE4253904D000467A0B /* DownloadModels */ = {
			isa = PBXGroup;
			children = (
				4AA60FCC2538EBC000467A0B /* DownloadTask.h */,
				4AA60FCD2538EBC000467A0B /* DownloadTask.m */,
			);
			path = DownloadModels;
			sourceTree = "<group>";
		};
		4AA60FE8253906DE00467A0B /* DownloadManager */ = {
			isa = PBXGroup;
			children = (
				4A94E585253C60A2009F7E22 /* Reachability */,
				4AA60FEA253906DE00467A0B /* Downloader */,
				4AA60FE9253906DE00467A0B /* DownloadProvider.h */,
				4AA60FEE253906DE00467A0B /* DownloadProvider.m */,
				4A94E582253C4D8A009F7E22 /* NSError+DownloadManager.h */,
				4A94E583253C4D8A009F7E22 /* NSError+DownloadManager.m */,
			);
			path = DownloadManager;
			sourceTree = "<group>";
		};
		4AA60FEA253906DE00467A0B /* Downloader */ = {
			isa = PBXGroup;
			children = (
				4A7CCCA4254A24BD00568B8D /* DownloadStatistics */,
				4AA60FED253906DE00467A0B /* DownloaderProtocol.h */,
				4AA60FEC253906DE00467A0B /* NSSessionDownloader.h */,
				4AA60FEB253906DE00467A0B /* NSSessionDownloader.m */,
				4A94E573253A4278009F7E22 /* CompletionDownloadModel.h */,
				4A94E574253A4278009F7E22 /* CompletionDownloadModel.m */,
			);
			path = Downloader;
			sourceTree = "<group>";
		};
		9876399460B9280FEEBEBF39 /* Pods */ = {
			isa = PBXGroup;
			children = (
				0B4820ED3540F3824DF1CF33 /* Pods-FileDownloader.debug.xcconfig */,
				D2A40ED53FF48A80E51757D8 /* Pods-FileDownloader.release.xcconfig */,
				7C470E7B06ECF0F79B65FEB9 /* Pods-FileDownloader-FileDownloaderUITests.debug.xcconfig */,
				BF42563FA406E8B4810F6CBF /* Pods-FileDownloader-FileDownloaderUITests.release.xcconfig */,
				D8C38AA1C1BD0F7FBCEE5B55 /* Pods-FileDownloaderTests.debug.xcconfig */,
				49D63245C20D3FD776038445 /* Pods-FileDownloaderTests.release.xcconfig */,
			);
			path = Pods;
			sourceTree = "<group>";
		};
		EBD02DC8279EBFD076115737 /* Frameworks */ = {
			isa = PBXGroup;
			children = (
				E7B722F54FEE96A4310776A3 /* libPods-FileDownloader.a */,
				3EF48B7FE6483395145E2062 /* libPods-FileDownloader-FileDownloaderUITests.a */,
				9F4A7B2EB35B2A9F1EAA3987 /* libPods-FileDownloaderTests.a */,
			);
			name = Frameworks;
			sourceTree = "<group>";
		};
/* End PBXGroup section */

/* Begin PBXNativeTarget section */
		4AA60F8B2538E8B200467A0B /* FileDownloader */ = {
			isa = PBXNativeTarget;
			buildConfigurationList = 4AA60FBB2538E8B400467A0B /* Build configuration list for PBXNativeTarget "FileDownloader" */;
			buildPhases = (
				86281795D9F9B55B0872AC3D /* [CP] Check Pods Manifest.lock */,
				4AA60F882538E8B200467A0B /* Sources */,
				4AA60F892538E8B200467A0B /* Frameworks */,
				4AA60F8A2538E8B200467A0B /* Resources */,
			);
			buildRules = (
			);
			dependencies = (
			);
			name = FileDownloader;
			productName = FileDownloader;
			productReference = 4AA60F8C2538E8B200467A0B /* FileDownloader.app */;
			productType = "com.apple.product-type.application";
		};
		4AA60FA62538E8B400467A0B /* FileDownloaderTests */ = {
			isa = PBXNativeTarget;
			buildConfigurationList = 4AA60FBE2538E8B400467A0B /* Build configuration list for PBXNativeTarget "FileDownloaderTests" */;
			buildPhases = (
				F1D5A5FAC0960E67DA7B0CC4 /* [CP] Check Pods Manifest.lock */,
				4AA60FA32538E8B400467A0B /* Sources */,
				4AA60FA42538E8B400467A0B /* Frameworks */,
				4AA60FA52538E8B400467A0B /* Resources */,
			);
			buildRules = (
			);
			dependencies = (
				4AA60FA92538E8B400467A0B /* PBXTargetDependency */,
			);
			name = FileDownloaderTests;
			productName = FileDownloaderTests;
			productReference = 4AA60FA72538E8B400467A0B /* FileDownloaderTests.xctest */;
			productType = "com.apple.product-type.bundle.unit-test";
		};
		4AA60FB12538E8B400467A0B /* FileDownloaderUITests */ = {
			isa = PBXNativeTarget;
			buildConfigurationList = 4AA60FC12538E8B400467A0B /* Build configuration list for PBXNativeTarget "FileDownloaderUITests" */;
			buildPhases = (
				0172A332675B06E9A9A89C92 /* [CP] Check Pods Manifest.lock */,
				4AA60FAE2538E8B400467A0B /* Sources */,
				4AA60FAF2538E8B400467A0B /* Frameworks */,
				4AA60FB02538E8B400467A0B /* Resources */,
			);
			buildRules = (
			);
			dependencies = (
				4AA60FB42538E8B400467A0B /* PBXTargetDependency */,
			);
			name = FileDownloaderUITests;
			productName = FileDownloaderUITests;
			productReference = 4AA60FB22538E8B400467A0B /* FileDownloaderUITests.xctest */;
			productType = "com.apple.product-type.bundle.ui-testing";
		};
/* End PBXNativeTarget section */

/* Begin PBXProject section */
		4AA60F842538E8B200467A0B /* Project object */ = {
			isa = PBXProject;
			attributes = {
				LastUpgradeCheck = 1130;
				ORGANIZATIONNAME = "Dang Trinh";
				TargetAttributes = {
					4AA60F8B2538E8B200467A0B = {
						CreatedOnToolsVersion = 11.3.1;
					};
					4AA60FA62538E8B400467A0B = {
						CreatedOnToolsVersion = 11.3.1;
						TestTargetID = 4AA60F8B2538E8B200467A0B;
					};
					4AA60FB12538E8B400467A0B = {
						CreatedOnToolsVersion = 11.3.1;
						TestTargetID = 4AA60F8B2538E8B200467A0B;
					};
				};
			};
			buildConfigurationList = 4AA60F872538E8B200467A0B /* Build configuration list for PBXProject "FileDownloader" */;
			compatibilityVersion = "Xcode 9.3";
			developmentRegion = en;
			hasScannedForEncodings = 0;
			knownRegions = (
				en,
				Base,
			);
			mainGroup = 4AA60F832538E8B200467A0B;
			productRefGroup = 4AA60F8D2538E8B200467A0B /* Products */;
			projectDirPath = "";
			projectRoot = "";
			targets = (
				4AA60F8B2538E8B200467A0B /* FileDownloader */,
				4AA60FA62538E8B400467A0B /* FileDownloaderTests */,
				4AA60FB12538E8B400467A0B /* FileDownloaderUITests */,
			);
		};
/* End PBXProject section */

/* Begin PBXResourcesBuildPhase section */
		4AA60F8A2538E8B200467A0B /* Resources */ = {
			isa = PBXResourcesBuildPhase;
			buildActionMask = 2147483647;
			files = (
				4AA60F9F2538E8B400467A0B /* LaunchScreen.storyboard in Resources */,
				4AA60F9C2538E8B400467A0B /* Assets.xcassets in Resources */,
			);
			runOnlyForDeploymentPostprocessing = 0;
		};
		4AA60FA52538E8B400467A0B /* Resources */ = {
			isa = PBXResourcesBuildPhase;
			buildActionMask = 2147483647;
			files = (
			);
			runOnlyForDeploymentPostprocessing = 0;
		};
		4AA60FB02538E8B400467A0B /* Resources */ = {
			isa = PBXResourcesBuildPhase;
			buildActionMask = 2147483647;
			files = (
			);
			runOnlyForDeploymentPostprocessing = 0;
		};
/* End PBXResourcesBuildPhase section */

/* Begin PBXShellScriptBuildPhase section */
		0172A332675B06E9A9A89C92 /* [CP] Check Pods Manifest.lock */ = {
			isa = PBXShellScriptBuildPhase;
			buildActionMask = 2147483647;
			files = (
			);
			inputFileListPaths = (
			);
			inputPaths = (
				"${PODS_PODFILE_DIR_PATH}/Podfile.lock",
				"${PODS_ROOT}/Manifest.lock",
			);
			name = "[CP] Check Pods Manifest.lock";
			outputFileListPaths = (
			);
			outputPaths = (
				"$(DERIVED_FILE_DIR)/Pods-FileDownloader-FileDownloaderUITests-checkManifestLockResult.txt",
			);
			runOnlyForDeploymentPostprocessing = 0;
			shellPath = /bin/sh;
			shellScript = "diff \"${PODS_PODFILE_DIR_PATH}/Podfile.lock\" \"${PODS_ROOT}/Manifest.lock\" > /dev/null\nif [ $? != 0 ] ; then\n    # print error to STDERR\n    echo \"error: The sandbox is not in sync with the Podfile.lock. Run 'pod install' or update your CocoaPods installation.\" >&2\n    exit 1\nfi\n# This output is used by Xcode 'outputs' to avoid re-running this script phase.\necho \"SUCCESS\" > \"${SCRIPT_OUTPUT_FILE_0}\"\n";
			showEnvVarsInLog = 0;
		};
		86281795D9F9B55B0872AC3D /* [CP] Check Pods Manifest.lock */ = {
			isa = PBXShellScriptBuildPhase;
			buildActionMask = 2147483647;
			files = (
			);
			inputFileListPaths = (
			);
			inputPaths = (
				"${PODS_PODFILE_DIR_PATH}/Podfile.lock",
				"${PODS_ROOT}/Manifest.lock",
			);
			name = "[CP] Check Pods Manifest.lock";
			outputFileListPaths = (
			);
			outputPaths = (
				"$(DERIVED_FILE_DIR)/Pods-FileDownloader-checkManifestLockResult.txt",
			);
			runOnlyForDeploymentPostprocessing = 0;
			shellPath = /bin/sh;
			shellScript = "diff \"${PODS_PODFILE_DIR_PATH}/Podfile.lock\" \"${PODS_ROOT}/Manifest.lock\" > /dev/null\nif [ $? != 0 ] ; then\n    # print error to STDERR\n    echo \"error: The sandbox is not in sync with the Podfile.lock. Run 'pod install' or update your CocoaPods installation.\" >&2\n    exit 1\nfi\n# This output is used by Xcode 'outputs' to avoid re-running this script phase.\necho \"SUCCESS\" > \"${SCRIPT_OUTPUT_FILE_0}\"\n";
			showEnvVarsInLog = 0;
		};
		F1D5A5FAC0960E67DA7B0CC4 /* [CP] Check Pods Manifest.lock */ = {
			isa = PBXShellScriptBuildPhase;
			buildActionMask = 2147483647;
			files = (
			);
			inputFileListPaths = (
			);
			inputPaths = (
				"${PODS_PODFILE_DIR_PATH}/Podfile.lock",
				"${PODS_ROOT}/Manifest.lock",
			);
			name = "[CP] Check Pods Manifest.lock";
			outputFileListPaths = (
			);
			outputPaths = (
				"$(DERIVED_FILE_DIR)/Pods-FileDownloaderTests-checkManifestLockResult.txt",
			);
			runOnlyForDeploymentPostprocessing = 0;
			shellPath = /bin/sh;
			shellScript = "diff \"${PODS_PODFILE_DIR_PATH}/Podfile.lock\" \"${PODS_ROOT}/Manifest.lock\" > /dev/null\nif [ $? != 0 ] ; then\n    # print error to STDERR\n    echo \"error: The sandbox is not in sync with the Podfile.lock. Run 'pod install' or update your CocoaPods installation.\" >&2\n    exit 1\nfi\n# This output is used by Xcode 'outputs' to avoid re-running this script phase.\necho \"SUCCESS\" > \"${SCRIPT_OUTPUT_FILE_0}\"\n";
			showEnvVarsInLog = 0;
		};
/* End PBXShellScriptBuildPhase section */

/* Begin PBXSourcesBuildPhase section */
		4AA60F882538E8B200467A0B /* Sources */ = {
			isa = PBXSourcesBuildPhase;
			buildActionMask = 2147483647;
			files = (
				4A94E575253A4278009F7E22 /* CompletionDownloadModel.m in Sources */,
				4AA60F912538E8B200467A0B /* AppDelegate.m in Sources */,
				4AA60FA22538E8B400467A0B /* main.m in Sources */,
				4AA60FDF253901C100467A0B /* Utils.m in Sources */,
				4AA60FEF253906DE00467A0B /* NSSessionDownloader.m in Sources */,
				4A94E579253AF5B7009F7E22 /* MusicListViewController.m in Sources */,
				4A94E584253C4D8A009F7E22 /* NSError+DownloadManager.m in Sources */,
				4A94E57D253AF65C009F7E22 /* MusicTableViewCell.m in Sources */,
				4AA60FD52538FFBD00467A0B /* MusicItem.m in Sources */,
				4AA60F942538E8B200467A0B /* SceneDelegate.m in Sources */,
				4A94E588253C60AF009F7E22 /* Reachability.m in Sources */,
				4A94E581253B8AB6009F7E22 /* DownloadBussiness.m in Sources */,
				4A7A64BA253D93A20065AB42 /* MusicListViewModel.m in Sources */,
				4AA60FCE2538EBC000467A0B /* DownloadTask.m in Sources */,
				4A7CCCA7254A24F000568B8D /* DownloadStatistics.m in Sources */,
				4AA60FF0253906DE00467A0B /* DownloadProvider.m in Sources */,
			);
			runOnlyForDeploymentPostprocessing = 0;
		};
		4AA60FA32538E8B400467A0B /* Sources */ = {
			isa = PBXSourcesBuildPhase;
			buildActionMask = 2147483647;
			files = (
				4AA60FAC2538E8B400467A0B /* FileDownloaderTests.m in Sources */,
			);
			runOnlyForDeploymentPostprocessing = 0;
		};
		4AA60FAE2538E8B400467A0B /* Sources */ = {
			isa = PBXSourcesBuildPhase;
			buildActionMask = 2147483647;
			files = (
				4AA60FB72538E8B400467A0B /* FileDownloaderUITests.m in Sources */,
			);
			runOnlyForDeploymentPostprocessing = 0;
		};
/* End PBXSourcesBuildPhase section */

/* Begin PBXTargetDependency section */
		4AA60FA92538E8B400467A0B /* PBXTargetDependency */ = {
			isa = PBXTargetDependency;
			target = 4AA60F8B2538E8B200467A0B /* FileDownloader */;
			targetProxy = 4AA60FA82538E8B400467A0B /* PBXContainerItemProxy */;
		};
		4AA60FB42538E8B400467A0B /* PBXTargetDependency */ = {
			isa = PBXTargetDependency;
			target = 4AA60F8B2538E8B200467A0B /* FileDownloader */;
			targetProxy = 4AA60FB32538E8B400467A0B /* PBXContainerItemProxy */;
		};
/* End PBXTargetDependency section */

/* Begin PBXVariantGroup section */
		4AA60F9D2538E8B400467A0B /* LaunchScreen.storyboard */ = {
			isa = PBXVariantGroup;
			children = (
				4AA60F9E2538E8B400467A0B /* Base */,
			);
			name = LaunchScreen.storyboard;
			sourceTree = "<group>";
		};
/* End PBXVariantGroup section */

/* Begin XCBuildConfiguration section */
		4AA60FB92538E8B400467A0B /* Debug */ = {
			isa = XCBuildConfiguration;
			buildSettings = {
				ALWAYS_SEARCH_USER_PATHS = NO;
				CLANG_ANALYZER_NONNULL = YES;
				CLANG_ANALYZER_NUMBER_OBJECT_CONVERSION = YES_AGGRESSIVE;
				CLANG_CXX_LANGUAGE_STANDARD = "gnu++14";
				CLANG_CXX_LIBRARY = "libc++";
				CLANG_ENABLE_MODULES = YES;
				CLANG_ENABLE_OBJC_ARC = YES;
				CLANG_ENABLE_OBJC_WEAK = YES;
				CLANG_WARN_BLOCK_CAPTURE_AUTORELEASING = YES;
				CLANG_WARN_BOOL_CONVERSION = YES;
				CLANG_WARN_COMMA = YES;
				CLANG_WARN_CONSTANT_CONVERSION = YES;
				CLANG_WARN_DEPRECATED_OBJC_IMPLEMENTATIONS = YES;
				CLANG_WARN_DIRECT_OBJC_ISA_USAGE = YES_ERROR;
				CLANG_WARN_DOCUMENTATION_COMMENTS = YES;
				CLANG_WARN_EMPTY_BODY = YES;
				CLANG_WARN_ENUM_CONVERSION = YES;
				CLANG_WARN_INFINITE_RECURSION = YES;
				CLANG_WARN_INT_CONVERSION = YES;
				CLANG_WARN_NON_LITERAL_NULL_CONVERSION = YES;
				CLANG_WARN_OBJC_IMPLICIT_RETAIN_SELF = YES;
				CLANG_WARN_OBJC_LITERAL_CONVERSION = YES;
				CLANG_WARN_OBJC_ROOT_CLASS = YES_ERROR;
				CLANG_WARN_RANGE_LOOP_ANALYSIS = YES;
				CLANG_WARN_STRICT_PROTOTYPES = YES;
				CLANG_WARN_SUSPICIOUS_MOVE = YES;
				CLANG_WARN_UNGUARDED_AVAILABILITY = YES_AGGRESSIVE;
				CLANG_WARN_UNREACHABLE_CODE = YES;
				CLANG_WARN__DUPLICATE_METHOD_MATCH = YES;
				COPY_PHASE_STRIP = NO;
				DEBUG_INFORMATION_FORMAT = dwarf;
				ENABLE_STRICT_OBJC_MSGSEND = YES;
				ENABLE_TESTABILITY = YES;
				GCC_C_LANGUAGE_STANDARD = gnu11;
				GCC_DYNAMIC_NO_PIC = NO;
				GCC_NO_COMMON_BLOCKS = YES;
				GCC_OPTIMIZATION_LEVEL = 0;
				GCC_PREPROCESSOR_DEFINITIONS = (
					"DEBUG=1",
					"$(inherited)",
				);
				GCC_WARN_64_TO_32_BIT_CONVERSION = YES;
				GCC_WARN_ABOUT_RETURN_TYPE = YES_ERROR;
				GCC_WARN_UNDECLARED_SELECTOR = YES;
				GCC_WARN_UNINITIALIZED_AUTOS = YES_AGGRESSIVE;
				GCC_WARN_UNUSED_FUNCTION = YES;
				GCC_WARN_UNUSED_VARIABLE = YES;
				IPHONEOS_DEPLOYMENT_TARGET = 13.2;
				MTL_ENABLE_DEBUG_INFO = INCLUDE_SOURCE;
				MTL_FAST_MATH = YES;
				ONLY_ACTIVE_ARCH = YES;
				SDKROOT = iphoneos;
			};
			name = Debug;
		};
		4AA60FBA2538E8B400467A0B /* Release */ = {
			isa = XCBuildConfiguration;
			buildSettings = {
				ALWAYS_SEARCH_USER_PATHS = NO;
				CLANG_ANALYZER_NONNULL = YES;
				CLANG_ANALYZER_NUMBER_OBJECT_CONVERSION = YES_AGGRESSIVE;
				CLANG_CXX_LANGUAGE_STANDARD = "gnu++14";
				CLANG_CXX_LIBRARY = "libc++";
				CLANG_ENABLE_MODULES = YES;
				CLANG_ENABLE_OBJC_ARC = YES;
				CLANG_ENABLE_OBJC_WEAK = YES;
				CLANG_WARN_BLOCK_CAPTURE_AUTORELEASING = YES;
				CLANG_WARN_BOOL_CONVERSION = YES;
				CLANG_WARN_COMMA = YES;
				CLANG_WARN_CONSTANT_CONVERSION = YES;
				CLANG_WARN_DEPRECATED_OBJC_IMPLEMENTATIONS = YES;
				CLANG_WARN_DIRECT_OBJC_ISA_USAGE = YES_ERROR;
				CLANG_WARN_DOCUMENTATION_COMMENTS = YES;
				CLANG_WARN_EMPTY_BODY = YES;
				CLANG_WARN_ENUM_CONVERSION = YES;
				CLANG_WARN_INFINITE_RECURSION = YES;
				CLANG_WARN_INT_CONVERSION = YES;
				CLANG_WARN_NON_LITERAL_NULL_CONVERSION = YES;
				CLANG_WARN_OBJC_IMPLICIT_RETAIN_SELF = YES;
				CLANG_WARN_OBJC_LITERAL_CONVERSION = YES;
				CLANG_WARN_OBJC_ROOT_CLASS = YES_ERROR;
				CLANG_WARN_RANGE_LOOP_ANALYSIS = YES;
				CLANG_WARN_STRICT_PROTOTYPES = YES;
				CLANG_WARN_SUSPICIOUS_MOVE = YES;
				CLANG_WARN_UNGUARDED_AVAILABILITY = YES_AGGRESSIVE;
				CLANG_WARN_UNREACHABLE_CODE = YES;
				CLANG_WARN__DUPLICATE_METHOD_MATCH = YES;
				COPY_PHASE_STRIP = NO;
				DEBUG_INFORMATION_FORMAT = "dwarf-with-dsym";
				ENABLE_NS_ASSERTIONS = NO;
				ENABLE_STRICT_OBJC_MSGSEND = YES;
				GCC_C_LANGUAGE_STANDARD = gnu11;
				GCC_NO_COMMON_BLOCKS = YES;
				GCC_WARN_64_TO_32_BIT_CONVERSION = YES;
				GCC_WARN_ABOUT_RETURN_TYPE = YES_ERROR;
				GCC_WARN_UNDECLARED_SELECTOR = YES;
				GCC_WARN_UNINITIALIZED_AUTOS = YES_AGGRESSIVE;
				GCC_WARN_UNUSED_FUNCTION = YES;
				GCC_WARN_UNUSED_VARIABLE = YES;
				IPHONEOS_DEPLOYMENT_TARGET = 13.2;
				MTL_ENABLE_DEBUG_INFO = NO;
				MTL_FAST_MATH = YES;
				SDKROOT = iphoneos;
				VALIDATE_PRODUCT = YES;
			};
			name = Release;
		};
		4AA60FBC2538E8B400467A0B /* Debug */ = {
			isa = XCBuildConfiguration;
			baseConfigurationReference = 0B4820ED3540F3824DF1CF33 /* Pods-FileDownloader.debug.xcconfig */;
			buildSettings = {
				ASSETCATALOG_COMPILER_APPICON_NAME = AppIcon;
				CODE_SIGN_STYLE = Automatic;
				DEVELOPMENT_TEAM = CV63UM3QZS;
				INFOPLIST_FILE = FileDownloader/Info.plist;
				LD_RUNPATH_SEARCH_PATHS = (
					"$(inherited)",
					"@executable_path/Frameworks",
				);
				PRODUCT_BUNDLE_IDENTIFIER = None.FileDownloader;
				PRODUCT_NAME = FileDownloader;
				TARGETED_DEVICE_FAMILY = "1,2";
			};
			name = Debug;
		};
		4AA60FBD2538E8B400467A0B /* Release */ = {
			isa = XCBuildConfiguration;
			baseConfigurationReference = D2A40ED53FF48A80E51757D8 /* Pods-FileDownloader.release.xcconfig */;
			buildSettings = {
				ASSETCATALOG_COMPILER_APPICON_NAME = AppIcon;
				CODE_SIGN_STYLE = Automatic;
				DEVELOPMENT_TEAM = CV63UM3QZS;
				INFOPLIST_FILE = FileDownloader/Info.plist;
				LD_RUNPATH_SEARCH_PATHS = (
					"$(inherited)",
					"@executable_path/Frameworks",
				);
				PRODUCT_BUNDLE_IDENTIFIER = None.FileDownloader;
				PRODUCT_NAME = FileDownloader;
				TARGETED_DEVICE_FAMILY = "1,2";
			};
			name = Release;
		};
		4AA60FBF2538E8B400467A0B /* Debug */ = {
			isa = XCBuildConfiguration;
			baseConfigurationReference = D8C38AA1C1BD0F7FBCEE5B55 /* Pods-FileDownloaderTests.debug.xcconfig */;
			buildSettings = {
				BUNDLE_LOADER = "$(TEST_HOST)";
				CODE_SIGN_STYLE = Automatic;
				INFOPLIST_FILE = FileDownloaderTests/Info.plist;
				IPHONEOS_DEPLOYMENT_TARGET = 13.2;
				LD_RUNPATH_SEARCH_PATHS = (
					"$(inherited)",
					"@executable_path/Frameworks",
					"@loader_path/Frameworks",
				);
				PRODUCT_BUNDLE_IDENTIFIER = None.FileDownloaderTests;
				PRODUCT_NAME = "$(TARGET_NAME)";
				TARGETED_DEVICE_FAMILY = "1,2";
				TEST_HOST = "$(BUILT_PRODUCTS_DIR)/FileDownloader.app/FileDownloader";
			};
			name = Debug;
		};
		4AA60FC02538E8B400467A0B /* Release */ = {
			isa = XCBuildConfiguration;
			baseConfigurationReference = 49D63245C20D3FD776038445 /* Pods-FileDownloaderTests.release.xcconfig */;
			buildSettings = {
				BUNDLE_LOADER = "$(TEST_HOST)";
				CODE_SIGN_STYLE = Automatic;
				INFOPLIST_FILE = FileDownloaderTests/Info.plist;
				IPHONEOS_DEPLOYMENT_TARGET = 13.2;
				LD_RUNPATH_SEARCH_PATHS = (
					"$(inherited)",
					"@executable_path/Frameworks",
					"@loader_path/Frameworks",
				);
				PRODUCT_BUNDLE_IDENTIFIER = None.FileDownloaderTests;
				PRODUCT_NAME = "$(TARGET_NAME)";
				TARGETED_DEVICE_FAMILY = "1,2";
				TEST_HOST = "$(BUILT_PRODUCTS_DIR)/FileDownloader.app/FileDownloader";
			};
			name = Release;
		};
		4AA60FC22538E8B400467A0B /* Debug */ = {
			isa = XCBuildConfiguration;
			baseConfigurationReference = 7C470E7B06ECF0F79B65FEB9 /* Pods-FileDownloader-FileDownloaderUITests.debug.xcconfig */;
			buildSettings = {
				CODE_SIGN_STYLE = Automatic;
				INFOPLIST_FILE = FileDownloaderUITests/Info.plist;
				LD_RUNPATH_SEARCH_PATHS = (
					"$(inherited)",
					"@executable_path/Frameworks",
					"@loader_path/Frameworks",
				);
				PRODUCT_BUNDLE_IDENTIFIER = None.FileDownloaderUITests;
				PRODUCT_NAME = "$(TARGET_NAME)";
				TARGETED_DEVICE_FAMILY = "1,2";
				TEST_TARGET_NAME = FileDownloader;
			};
			name = Debug;
		};
		4AA60FC32538E8B400467A0B /* Release */ = {
			isa = XCBuildConfiguration;
			baseConfigurationReference = BF42563FA406E8B4810F6CBF /* Pods-FileDownloader-FileDownloaderUITests.release.xcconfig */;
			buildSettings = {
				CODE_SIGN_STYLE = Automatic;
				INFOPLIST_FILE = FileDownloaderUITests/Info.plist;
				LD_RUNPATH_SEARCH_PATHS = (
					"$(inherited)",
					"@executable_path/Frameworks",
					"@loader_path/Frameworks",
				);
				PRODUCT_BUNDLE_IDENTIFIER = None.FileDownloaderUITests;
				PRODUCT_NAME = "$(TARGET_NAME)";
				TARGETED_DEVICE_FAMILY = "1,2";
				TEST_TARGET_NAME = FileDownloader;
			};
			name = Release;
		};
/* End XCBuildConfiguration section */

/* Begin XCConfigurationList section */
		4AA60F872538E8B200467A0B /* Build configuration list for PBXProject "FileDownloader" */ = {
			isa = XCConfigurationList;
			buildConfigurations = (
				4AA60FB92538E8B400467A0B /* Debug */,
				4AA60FBA2538E8B400467A0B /* Release */,
			);
			defaultConfigurationIsVisible = 0;
			defaultConfigurationName = Release;
		};
		4AA60FBB2538E8B400467A0B /* Build configuration list for PBXNativeTarget "FileDownloader" */ = {
			isa = XCConfigurationList;
			buildConfigurations = (
				4AA60FBC2538E8B400467A0B /* Debug */,
				4AA60FBD2538E8B400467A0B /* Release */,
			);
			defaultConfigurationIsVisible = 0;
			defaultConfigurationName = Release;
		};
		4AA60FBE2538E8B400467A0B /* Build configuration list for PBXNativeTarget "FileDownloaderTests" */ = {
			isa = XCConfigurationList;
			buildConfigurations = (
				4AA60FBF2538E8B400467A0B /* Debug */,
				4AA60FC02538E8B400467A0B /* Release */,
			);
			defaultConfigurationIsVisible = 0;
			defaultConfigurationName = Release;
		};
		4AA60FC12538E8B400467A0B /* Build configuration list for PBXNativeTarget "FileDownloaderUITests" */ = {
			isa = XCConfigurationList;
			buildConfigurations = (
				4AA60FC22538E8B400467A0B /* Debug */,
				4AA60FC32538E8B400467A0B /* Release */,
			);
			defaultConfigurationIsVisible = 0;
			defaultConfigurationName = Release;
		};
/* End XCConfigurationList section */
	};
	rootObject = 4AA60F842538E8B200467A0B /* Project object */;
}
